
Microsoft Visual Studio Solution File, Format Version 12.00
# Visual Studio Version 17
VisualStudioVersion = 17.5.002.0
MinimumVisualStudioVersion = 10.0.40219.1
Project("{2150E333-8FDC-42A3-9474-1A3956D46DE8}") = "Labfiles", "Labfiles", "{47832E6B-645F-4630-A578-911D04D52B05}"
EndProject
Project("{2150E333-8FDC-42A3-9474-1A3956D46DE8}") = "01-analyze-text", "01-analyze-text", "{68BF4CE5-5E0E-4BC9-8818-A1673498F468}"
EndProject
Project("{2150E333-8FDC-42A3-9474-1A3956D46DE8}") = "C-Sharp", "C-Sharp", "{8CB26897-234C-4EA5-B712-DC5D5E72086F}"
EndProject
Project("{9A19103F-16F7-4668-BE54-9A1E7A4F7556}") = "text-analysis", "Labfiles\01-analyze-text\C-Sharp\text-analysis\text-analysis.csproj", "{0EE22267-7E9E-4074-B151-45042AEA6819}"
EndProject
Project("{2150E333-8FDC-42A3-9474-1A3956D46DE8}") = "02-qna", "02-qna", "{9682AFE6-3EBB-45CB-82FC-98678C83FA5C}"
EndProject
Project("{2150E333-8FDC-42A3-9474-1A3956D46DE8}") = "C-Sharp", "C-Sharp", "{635649C6-F04A-4DAE-B101-3AE7F474697E}"
EndProject
Project("{9A19103F-16F7-4668-BE54-9A1E7A4F7556}") = "qna-app", "Labfiles\02-qna\C-Sharp\qna-app\qna-app.csproj", "{64BBC116-746E-41A1-97A3-6F0ABA35DFA3}"
EndProject
Project("{2150E333-8FDC-42A3-9474-1A3956D46DE8}") = "03-language", "03-language", "{8D21404A-D16A-4CCB-8D04-BAF16D93C13B}"
EndProject
Project("{2150E333-8FDC-42A3-9474-1A3956D46DE8}") = "C-Sharp", "C-Sharp", "{8050E0EF-F058-44D7-83BA-591C5BE747D8}"
EndProject
Project("{9A19103F-16F7-4668-BE54-9A1E7A4F7556}") = "clock_client", "Labfiles\03-language\C-Sharp\clock-client\clock_client.csproj", "{C808AE9C-3FDD-4AFA-AF32-8AB547E65989}"
EndProject
Project("{2150E333-8FDC-42A3-9474-1A3956D46DE8}") = "04-text-classification", "04-text-classification", "{E0EB556B-0A95-4BED-ACA4-DC83A89EB4DB}"
EndProject
Project("{2150E333-8FDC-42A3-9474-1A3956D46DE8}") = "C-Sharp", "C-Sharp", "{81BD5173-9866-4C47-A05E-DD61154C658E}"
EndProject
Project("{9A19103F-16F7-4668-BE54-9A1E7A4F7556}") = "classify-text", "Labfiles\04-text-classification\C-Sharp\classify-text\classify-text.csproj", "{C5224C0C-14D3-44B3-A2DC-E944D2F3AAD2}"
EndProject
Project("{2150E333-8FDC-42A3-9474-1A3956D46DE8}") = "05-custom-entity-recognition", "05-custom-entity-recognition", "{9171EDBB-C277-4373-85B5-E855082E1476}"
EndProject
Project("{2150E333-8FDC-42A3-9474-1A3956D46DE8}") = "C-Sharp", "C-Sharp", "{F43048D2-1D51-4271-9C18-C7847F7F03E2}"
EndProject
Project("{9A19103F-16F7-4668-BE54-9A1E7A4F7556}") = "custom-entities", "Labfiles\05-custom-entity-recognition\C-Sharp\custom-entities\custom-entities.csproj", "{81461A2D-84CF-4890-8B9A-A2B712B9BF89}"
EndProject
Project("{2150E333-8FDC-42A3-9474-1A3956D46DE8}") = "06-translate-text", "06-translate-text", "{82F3181F-6A56-4D61-ACE7-D183DD96C83C}"
EndProject
Project("{2150E333-8FDC-42A3-9474-1A3956D46DE8}") = "C-Sharp", "C-Sharp", "{546C2D3C-9F22-4F0F-9152-2EA1E8395509}"
EndProject
Project("{9A19103F-16F7-4668-BE54-9A1E7A4F7556}") = "translate_text", "Labfiles\06-translate-text\C-Sharp\text-translation\translate_text.csproj", "{BCFBE7DC-6FF7-46F1-B84F-1F954568F7D5}"
EndProject
Project("{2150E333-8FDC-42A3-9474-1A3956D46DE8}") = "06b-translator-sdk", "06b-translator-sdk", "{6DDB27CD-AADC-4597-AAA0-6F3CDC4518B5}"
EndProject
Project("{2150E333-8FDC-42A3-9474-1A3956D46DE8}") = "C-Sharp", "C-Sharp", "{E691030A-4952-473B-B3E1-486FF1F91814}"
EndProject
Project("{9A19103F-16F7-4668-BE54-9A1E7A4F7556}") = "translate_text", "Labfiles\06b-translator-sdk\C-Sharp\translate-text\translate_text.csproj", "{D32A3270-4C2A-4EDD-9205-66E7133614EA}"
EndProject
Project("{2150E333-8FDC-42A3-9474-1A3956D46DE8}") = "07-speech", "07-speech", "{B2BEDC78-42BE-4057-A399-19BC09F96177}"
EndProject
Project("{2150E333-8FDC-42A3-9474-1A3956D46DE8}") = "C-Sharp", "C-Sharp", "{528504ED-F579-45DD-914A-10D36662689A}"
EndProject
Project("{9A19103F-16F7-4668-BE54-9A1E7A4F7556}") = "speaking-clock", "Labfiles\07-speech\C-Sharp\speaking-clock\speaking-clock.csproj", "{DBECF305-1F70-42A0-82C4-F6B6CC6010B5}"
EndProject
Project("{2150E333-8FDC-42A3-9474-1A3956D46DE8}") = "08-speech-translation", "08-speech-translation", "{EE4EC326-1E2A-47C3-8FF8-D1017DBC2BF1}"
EndProject
Project("{2150E333-8FDC-42A3-9474-1A3956D46DE8}") = "C-Sharp", "C-Sharp", "{CA1731A1-A408-4F81-90D4-B93951E44CA3}"
EndProject
Project("{9A19103F-16F7-4668-BE54-9A1E7A4F7556}") = "translator", "Labfiles\08-speech-translation\C-Sharp\translator\translator.csproj", "{68D7179D-E0F4-445B-AC29-A1669AF78DCC}"
EndProject
Global
	GlobalSection(SolutionConfigurationPlatforms) = preSolution
		Debug|Any CPU = Debug|Any CPU
		Release|Any CPU = Release|Any CPU
	EndGlobalSection
	GlobalSection(ProjectConfigurationPlatforms) = postSolution
		{0EE22267-7E9E-4074-B151-45042AEA6819}.Debug|Any CPU.ActiveCfg = Debug|Any CPU
		{0EE22267-7E9E-4074-B151-45042AEA6819}.Debug|Any CPU.Build.0 = Debug|Any CPU
		{0EE22267-7E9E-4074-B151-45042AEA6819}.Release|Any CPU.ActiveCfg = Release|Any CPU
		{0EE22267-7E9E-4074-B151-45042AEA6819}.Release|Any CPU.Build.0 = Release|Any CPU
		{64BBC116-746E-41A1-97A3-6F0ABA35DFA3}.Debug|Any CPU.ActiveCfg = Debug|Any CPU
		{64BBC116-746E-41A1-97A3-6F0ABA35DFA3}.Debug|Any CPU.Build.0 = Debug|Any CPU
		{64BBC116-746E-41A1-97A3-6F0ABA35DFA3}.Release|Any CPU.ActiveCfg = Release|Any CPU
		{64BBC116-746E-41A1-97A3-6F0ABA35DFA3}.Release|Any CPU.Build.0 = Release|Any CPU
		{C808AE9C-3FDD-4AFA-AF32-8AB547E65989}.Debug|Any CPU.ActiveCfg = Debug|Any CPU
		{C808AE9C-3FDD-4AFA-AF32-8AB547E65989}.Debug|Any CPU.Build.0 = Debug|Any CPU
		{C808AE9C-3FDD-4AFA-AF32-8AB547E65989}.Release|Any CPU.ActiveCfg = Release|Any CPU
		{C808AE9C-3FDD-4AFA-AF32-8AB547E65989}.Release|Any CPU.Build.0 = Release|Any CPU
		{C5224C0C-14D3-44B3-A2DC-E944D2F3AAD2}.Debug|Any CPU.ActiveCfg = Debug|Any CPU
		{C5224C0C-14D3-44B3-A2DC-E944D2F3AAD2}.Debug|Any CPU.Build.0 = Debug|Any CPU
		{C5224C0C-14D3-44B3-A2DC-E944D2F3AAD2}.Release|Any CPU.ActiveCfg = Release|Any CPU
		{C5224C0C-14D3-44B3-A2DC-E944D2F3AAD2}.Release|Any CPU.Build.0 = Release|Any CPU
		{81461A2D-84CF-4890-8B9A-A2B712B9BF89}.Debug|Any CPU.ActiveCfg = Debug|Any CPU
		{81461A2D-84CF-4890-8B9A-A2B712B9BF89}.Debug|Any CPU.Build.0 = Debug|Any CPU
		{81461A2D-84CF-4890-8B9A-A2B712B9BF89}.Release|Any CPU.ActiveCfg = Release|Any CPU
		{81461A2D-84CF-4890-8B9A-A2B712B9BF89}.Release|Any CPU.Build.0 = Release|Any CPU
		{BCFBE7DC-6FF7-46F1-B84F-1F954568F7D5}.Debug|Any CPU.ActiveCfg = Debug|Any CPU
		{BCFBE7DC-6FF7-46F1-B84F-1F954568F7D5}.Debug|Any CPU.Build.0 = Debug|Any CPU
		{BCFBE7DC-6FF7-46F1-B84F-1F954568F7D5}.Release|Any CPU.ActiveCfg = Release|Any CPU
		{BCFBE7DC-6FF7-46F1-B84F-1F954568F7D5}.Release|Any CPU.Build.0 = Release|Any CPU
		{D32A3270-4C2A-4EDD-9205-66E7133614EA}.Debug|Any CPU.ActiveCfg = Debug|Any CPU
		{D32A3270-4C2A-4EDD-9205-66E7133614EA}.Debug|Any CPU.Build.0 = Debug|Any CPU
		{D32A3270-4C2A-4EDD-9205-66E7133614EA}.Release|Any CPU.ActiveCfg = Release|Any CPU
		{D32A3270-4C2A-4EDD-9205-66E7133614EA}.Release|Any CPU.Build.0 = Release|Any CPU
		{DBECF305-1F70-42A0-82C4-F6B6CC6010B5}.Debug|Any CPU.ActiveCfg = Debug|Any CPU
		{DBECF305-1F70-42A0-82C4-F6B6CC6010B5}.Debug|Any CPU.Build.0 = Debug|Any CPU
		{DBECF305-1F70-42A0-82C4-F6B6CC6010B5}.Release|Any CPU.ActiveCfg = Release|Any CPU
		{DBECF305-1F70-42A0-82C4-F6B6CC6010B5}.Release|Any CPU.Build.0 = Release|Any CPU
		{68D7179D-E0F4-445B-AC29-A1669AF78DCC}.Debug|Any CPU.ActiveCfg = Debug|Any CPU
		{68D7179D-E0F4-445B-AC29-A1669AF78DCC}.Debug|Any CPU.Build.0 = Debug|Any CPU
		{68D7179D-E0F4-445B-AC29-A1669AF78DCC}.Release|Any CPU.ActiveCfg = Release|Any CPU
		{68D7179D-E0F4-445B-AC29-A1669AF78DCC}.Release|Any CPU.Build.0 = Release|Any CPU
	EndGlobalSection
	GlobalSection(SolutionProperties) = preSolution
		HideSolutionNode = FALSE
	EndGlobalSection
	GlobalSection(NestedProjects) = preSolution
		{68BF4CE5-5E0E-4BC9-8818-A1673498F468} = {47832E6B-645F-4630-A578-911D04D52B05}
		{8CB26897-234C-4EA5-B712-DC5D5E72086F} = {68BF4CE5-5E0E-4BC9-8818-A1673498F468}
		{0EE22267-7E9E-4074-B151-45042AEA6819} = {8CB26897-234C-4EA5-B712-DC5D5E72086F}
		{9682AFE6-3EBB-45CB-82FC-98678C83FA5C} = {47832E6B-645F-4630-A578-911D04D52B05}
		{635649C6-F04A-4DAE-B101-3AE7F474697E} = {9682AFE6-3EBB-45CB-82FC-98678C83FA5C}
		{64BBC116-746E-41A1-97A3-6F0ABA35DFA3} = {635649C6-F04A-4DAE-B101-3AE7F474697E}
		{8D21404A-D16A-4CCB-8D04-BAF16D93C13B} = {47832E6B-645F-4630-A578-911D04D52B05}
		{8050E0EF-F058-44D7-83BA-591C5BE747D8} = {8D21404A-D16A-4CCB-8D04-BAF16D93C13B}
		{C808AE9C-3FDD-4AFA-AF32-8AB547E65989} = {8050E0EF-F058-44D7-83BA-591C5BE747D8}
		{E0EB556B-0A95-4BED-ACA4-DC83A89EB4DB} = {47832E6B-645F-4630-A578-911D04D52B05}
		{81BD5173-9866-4C47-A05E-DD61154C658E} = {E0EB556B-0A95-4BED-ACA4-DC83A89EB4DB}
		{C5224C0C-14D3-44B3-A2DC-E944D2F3AAD2} = {81BD5173-9866-4C47-A05E-DD61154C658E}
		{9171EDBB-C277-4373-85B5-E855082E1476} = {47832E6B-645F-4630-A578-911D04D52B05}
		{F43048D2-1D51-4271-9C18-C7847F7F03E2} = {9171EDBB-C277-4373-85B5-E855082E1476}
		{81461A2D-84CF-4890-8B9A-A2B712B9BF89} = {F43048D2-1D51-4271-9C18-C7847F7F03E2}
		{82F3181F-6A56-4D61-ACE7-D183DD96C83C} = {47832E6B-645F-4630-A578-911D04D52B05}
		{546C2D3C-9F22-4F0F-9152-2EA1E8395509} = {82F3181F-6A56-4D61-ACE7-D183DD96C83C}
		{BCFBE7DC-6FF7-46F1-B84F-1F954568F7D5} = {546C2D3C-9F22-4F0F-9152-2EA1E8395509}
		{6DDB27CD-AADC-4597-AAA0-6F3CDC4518B5} = {47832E6B-645F-4630-A578-911D04D52B05}
		{E691030A-4952-473B-B3E1-486FF1F91814} = {6DDB27CD-AADC-4597-AAA0-6F3CDC4518B5}
		{D32A3270-4C2A-4EDD-9205-66E7133614EA} = {E691030A-4952-473B-B3E1-486FF1F91814}
		{B2BEDC78-42BE-4057-A399-19BC09F96177} = {47832E6B-645F-4630-A578-911D04D52B05}
		{528504ED-F579-45DD-914A-10D36662689A} = {B2BEDC78-42BE-4057-A399-19BC09F96177}
		{DBECF305-1F70-42A0-82C4-F6B6CC6010B5} = {528504ED-F579-45DD-914A-10D36662689A}
		{EE4EC326-1E2A-47C3-8FF8-D1017DBC2BF1} = {47832E6B-645F-4630-A578-911D04D52B05}
		{CA1731A1-A408-4F81-90D4-B93951E44CA3} = {EE4EC326-1E2A-47C3-8FF8-D1017DBC2BF1}
		{68D7179D-E0F4-445B-AC29-A1669AF78DCC} = {CA1731A1-A408-4F81-90D4-B93951E44CA3}
	EndGlobalSection
	GlobalSection(ExtensibilityGlobals) = postSolution
		SolutionGuid = {A186AC0F-03F8-460B-9027-38D787CEC140}
	EndGlobalSection
EndGlobal
