
Microsoft Visual Studio Solution File, Format Version 12.00
# Visual Studio Version 17
VisualStudioVersion = 17.5.002.0
MinimumVisualStudioVersion = 10.0.40219.1
Project("{2150E333-8FDC-42A3-9474-1A3956D46DE8}") = "Labfiles", "Labfiles", "{B23ACFC7-D84F-4B8A-85C2-10273AF694C9}"
EndProject
Project("{2150E333-8FDC-42A3-9474-1A3956D46DE8}") = "01-analyze-text", "01-analyze-text", "{7E2A29E4-DB1D-4083-A546-E984788D0D4C}"
EndProject
Project("{2150E333-8FDC-42A3-9474-1A3956D46DE8}") = "C-Sharp", "C-Sharp", "{669196EC-5C15-405E-9337-B25D760C3232}"
EndProject
Project("{9A19103F-16F7-4668-BE54-9A1E7A4F7556}") = "text-analysis", "Labfiles\01-analyze-text\C-Sharp\text-analysis\text-analysis.csproj", "{845FDC2D-169C-4CDA-833A-A917F81A1668}"
EndProject
Project("{2150E333-8FDC-42A3-9474-1A3956D46DE8}") = "02-qna", "02-qna", "{719B8927-AAEE-4D57-A14A-C90181F5F53B}"
EndProject
Project("{2150E333-8FDC-42A3-9474-1A3956D46DE8}") = "C-Sharp", "C-Sharp", "{3AE1FE10-69DE-4302-820A-E9C1C1642E2E}"
EndProject
Project("{9A19103F-16F7-4668-BE54-9A1E7A4F7556}") = "qna-app", "Labfiles\02-qna\C-Sharp\qna-app\qna-app.csproj", "{A73DFB38-051F-4B56-9796-8625630818CB}"
EndProject
Project("{2150E333-8FDC-42A3-9474-1A3956D46DE8}") = "03-language", "03-language", "{1277410C-A022-4B1E-A66E-05FF4E5D9327}"
EndProject
Project("{2150E333-8FDC-42A3-9474-1A3956D46DE8}") = "C-Sharp", "C-Sharp", "{63DE91FE-A92E-43E0-9E8B-D384B215B146}"
EndProject
Project("{9A19103F-16F7-4668-BE54-9A1E7A4F7556}") = "clock_client", "Labfiles\03-language\C-Sharp\clock-client\clock_client.csproj", "{5C1D8A12-5912-424E-9DB8-0247D6890A44}"
EndProject
Project("{2150E333-8FDC-42A3-9474-1A3956D46DE8}") = "04-text-classification", "04-text-classification", "{5E041BFE-71EF-4EE2-B5AD-0275132F88B4}"
EndProject
Project("{2150E333-8FDC-42A3-9474-1A3956D46DE8}") = "C-Sharp", "C-Sharp", "{C862935F-2603-4F60-B863-30470C33D5F4}"
EndProject
Project("{9A19103F-16F7-4668-BE54-9A1E7A4F7556}") = "classify-text", "Labfiles\04-text-classification\C-Sharp\classify-text\classify-text.csproj", "{0F35DF19-9E59-492F-B748-1EE902351B5A}"
EndProject
Project("{2150E333-8FDC-42A3-9474-1A3956D46DE8}") = "05-custom-entity-recognition", "05-custom-entity-recognition", "{10A5258A-A905-427F-956A-C2452D8280DA}"
EndProject
Project("{2150E333-8FDC-42A3-9474-1A3956D46DE8}") = "C-Sharp", "C-Sharp", "{0FD04D2B-41CB-46C8-B2BD-212EF57CE71C}"
EndProject
Project("{9A19103F-16F7-4668-BE54-9A1E7A4F7556}") = "custom-entities", "Labfiles\05-custom-entity-recognition\C-Sharp\custom-entities\custom-entities.csproj", "{E7C818B1-B8D8-477D-BCFC-B5E1FEE85FEB}"
EndProject
Project("{2150E333-8FDC-42A3-9474-1A3956D46DE8}") = "06-translate-text", "06-translate-text", "{3C2679A7-7AED-43AD-9D7C-E51654A7D7B0}"
EndProject
Project("{2150E333-8FDC-42A3-9474-1A3956D46DE8}") = "C-Sharp", "C-Sharp", "{311DBA07-7ABD-41F9-9649-E53C8FADF387}"
EndProject
Project("{9A19103F-16F7-4668-BE54-9A1E7A4F7556}") = "translate_text", "Labfiles\06-translate-text\C-Sharp\text-translation\translate_text.csproj", "{558A97B2-D469-4C43-AA7B-1ACB4B13631C}"
EndProject
Project("{2150E333-8FDC-42A3-9474-1A3956D46DE8}") = "06b-translator-sdk", "06b-translator-sdk", "{F2CAA947-613C-484F-9270-20C473A81147}"
EndProject
Project("{2150E333-8FDC-42A3-9474-1A3956D46DE8}") = "C-Sharp", "C-Sharp", "{DA6AA742-F779-44D0-8FE7-425CA4058C66}"
EndProject
Project("{9A19103F-16F7-4668-BE54-9A1E7A4F7556}") = "translate_text", "Labfiles\06b-translator-sdk\C-Sharp\translate-text\translate_text.csproj", "{8BA86D6E-E859-4BD4-87DE-8974C5323F8D}"
EndProject
Project("{2150E333-8FDC-42A3-9474-1A3956D46DE8}") = "07-speech", "07-speech", "{47DA0471-650B-4B91-8F62-21825F111191}"
EndProject
Project("{2150E333-8FDC-42A3-9474-1A3956D46DE8}") = "C-Sharp", "C-Sharp", "{4EB62AC4-B3C9-4566-8CF9-711877957BB1}"
EndProject
Project("{9A19103F-16F7-4668-BE54-9A1E7A4F7556}") = "speaking-clock", "Labfiles\07-speech\C-Sharp\speaking-clock\speaking-clock.csproj", "{3BBED42A-7E60-4045-A156-E1211F87A29F}"
EndProject
Project("{2150E333-8FDC-42A3-9474-1A3956D46DE8}") = "08-speech-translation", "08-speech-translation", "{372F12CB-1846-4C60-8185-3B1660B7728C}"
EndProject
Project("{2150E333-8FDC-42A3-9474-1A3956D46DE8}") = "C-Sharp", "C-Sharp", "{F556A514-06CB-4296-BABB-E7015065CD62}"
EndProject
Project("{9A19103F-16F7-4668-BE54-9A1E7A4F7556}") = "translator", "Labfiles\08-speech-translation\C-Sharp\translator\translator.csproj", "{EDA66923-2F75-4C56-A1A7-69DA96A249C9}"
EndProject
Global
	GlobalSection(SolutionConfigurationPlatforms) = preSolution
		Debug|Any CPU = Debug|Any CPU
		Release|Any CPU = Release|Any CPU
	EndGlobalSection
	GlobalSection(ProjectConfigurationPlatforms) = postSolution
		{845FDC2D-169C-4CDA-833A-A917F81A1668}.Debug|Any CPU.ActiveCfg = Debug|Any CPU
		{845FDC2D-169C-4CDA-833A-A917F81A1668}.Debug|Any CPU.Build.0 = Debug|Any CPU
		{845FDC2D-169C-4CDA-833A-A917F81A1668}.Release|Any CPU.ActiveCfg = Release|Any CPU
		{845FDC2D-169C-4CDA-833A-A917F81A1668}.Release|Any CPU.Build.0 = Release|Any CPU
		{A73DFB38-051F-4B56-9796-8625630818CB}.Debug|Any CPU.ActiveCfg = Debug|Any CPU
		{A73DFB38-051F-4B56-9796-8625630818CB}.Debug|Any CPU.Build.0 = Debug|Any CPU
		{A73DFB38-051F-4B56-9796-8625630818CB}.Release|Any CPU.ActiveCfg = Release|Any CPU
		{A73DFB38-051F-4B56-9796-8625630818CB}.Release|Any CPU.Build.0 = Release|Any CPU
		{5C1D8A12-5912-424E-9DB8-0247D6890A44}.Debug|Any CPU.ActiveCfg = Debug|Any CPU
		{5C1D8A12-5912-424E-9DB8-0247D6890A44}.Debug|Any CPU.Build.0 = Debug|Any CPU
		{5C1D8A12-5912-424E-9DB8-0247D6890A44}.Release|Any CPU.ActiveCfg = Release|Any CPU
		{5C1D8A12-5912-424E-9DB8-0247D6890A44}.Release|Any CPU.Build.0 = Release|Any CPU
		{0F35DF19-9E59-492F-B748-1EE902351B5A}.Debug|Any CPU.ActiveCfg = Debug|Any CPU
		{0F35DF19-9E59-492F-B748-1EE902351B5A}.Debug|Any CPU.Build.0 = Debug|Any CPU
		{0F35DF19-9E59-492F-B748-1EE902351B5A}.Release|Any CPU.ActiveCfg = Release|Any CPU
		{0F35DF19-9E59-492F-B748-1EE902351B5A}.Release|Any CPU.Build.0 = Release|Any CPU
		{E7C818B1-B8D8-477D-BCFC-B5E1FEE85FEB}.Debug|Any CPU.ActiveCfg = Debug|Any CPU
		{E7C818B1-B8D8-477D-BCFC-B5E1FEE85FEB}.Debug|Any CPU.Build.0 = Debug|Any CPU
		{E7C818B1-B8D8-477D-BCFC-B5E1FEE85FEB}.Release|Any CPU.ActiveCfg = Release|Any CPU
		{E7C818B1-B8D8-477D-BCFC-B5E1FEE85FEB}.Release|Any CPU.Build.0 = Release|Any CPU
		{558A97B2-D469-4C43-AA7B-1ACB4B13631C}.Debug|Any CPU.ActiveCfg = Debug|Any CPU
		{558A97B2-D469-4C43-AA7B-1ACB4B13631C}.Debug|Any CPU.Build.0 = Debug|Any CPU
		{558A97B2-D469-4C43-AA7B-1ACB4B13631C}.Release|Any CPU.ActiveCfg = Release|Any CPU
		{558A97B2-D469-4C43-AA7B-1ACB4B13631C}.Release|Any CPU.Build.0 = Release|Any CPU
		{8BA86D6E-E859-4BD4-87DE-8974C5323F8D}.Debug|Any CPU.ActiveCfg = Debug|Any CPU
		{8BA86D6E-E859-4BD4-87DE-8974C5323F8D}.Debug|Any CPU.Build.0 = Debug|Any CPU
		{8BA86D6E-E859-4BD4-87DE-8974C5323F8D}.Release|Any CPU.ActiveCfg = Release|Any CPU
		{8BA86D6E-E859-4BD4-87DE-8974C5323F8D}.Release|Any CPU.Build.0 = Release|Any CPU
		{3BBED42A-7E60-4045-A156-E1211F87A29F}.Debug|Any CPU.ActiveCfg = Debug|Any CPU
		{3BBED42A-7E60-4045-A156-E1211F87A29F}.Debug|Any CPU.Build.0 = Debug|Any CPU
		{3BBED42A-7E60-4045-A156-E1211F87A29F}.Release|Any CPU.ActiveCfg = Release|Any CPU
		{3BBED42A-7E60-4045-A156-E1211F87A29F}.Release|Any CPU.Build.0 = Release|Any CPU
		{EDA66923-2F75-4C56-A1A7-69DA96A249C9}.Debug|Any CPU.ActiveCfg = Debug|Any CPU
		{EDA66923-2F75-4C56-A1A7-69DA96A249C9}.Debug|Any CPU.Build.0 = Debug|Any CPU
		{EDA66923-2F75-4C56-A1A7-69DA96A249C9}.Release|Any CPU.ActiveCfg = Release|Any CPU
		{EDA66923-2F75-4C56-A1A7-69DA96A249C9}.Release|Any CPU.Build.0 = Release|Any CPU
	EndGlobalSection
	GlobalSection(SolutionProperties) = preSolution
		HideSolutionNode = FALSE
	EndGlobalSection
	GlobalSection(NestedProjects) = preSolution
		{7E2A29E4-DB1D-4083-A546-E984788D0D4C} = {B23ACFC7-D84F-4B8A-85C2-10273AF694C9}
		{669196EC-5C15-405E-9337-B25D760C3232} = {7E2A29E4-DB1D-4083-A546-E984788D0D4C}
		{845FDC2D-169C-4CDA-833A-A917F81A1668} = {669196EC-5C15-405E-9337-B25D760C3232}
		{719B8927-AAEE-4D57-A14A-C90181F5F53B} = {B23ACFC7-D84F-4B8A-85C2-10273AF694C9}
		{3AE1FE10-69DE-4302-820A-E9C1C1642E2E} = {719B8927-AAEE-4D57-A14A-C90181F5F53B}
		{A73DFB38-051F-4B56-9796-8625630818CB} = {3AE1FE10-69DE-4302-820A-E9C1C1642E2E}
		{1277410C-A022-4B1E-A66E-05FF4E5D9327} = {B23ACFC7-D84F-4B8A-85C2-10273AF694C9}
		{63DE91FE-A92E-43E0-9E8B-D384B215B146} = {1277410C-A022-4B1E-A66E-05FF4E5D9327}
		{5C1D8A12-5912-424E-9DB8-0247D6890A44} = {63DE91FE-A92E-43E0-9E8B-D384B215B146}
		{5E041BFE-71EF-4EE2-B5AD-0275132F88B4} = {B23ACFC7-D84F-4B8A-85C2-10273AF694C9}
		{C862935F-2603-4F60-B863-30470C33D5F4} = {5E041BFE-71EF-4EE2-B5AD-0275132F88B4}
		{0F35DF19-9E59-492F-B748-1EE902351B5A} = {C862935F-2603-4F60-B863-30470C33D5F4}
		{10A5258A-A905-427F-956A-C2452D8280DA} = {B23ACFC7-D84F-4B8A-85C2-10273AF694C9}
		{0FD04D2B-41CB-46C8-B2BD-212EF57CE71C} = {10A5258A-A905-427F-956A-C2452D8280DA}
		{E7C818B1-B8D8-477D-BCFC-B5E1FEE85FEB} = {0FD04D2B-41CB-46C8-B2BD-212EF57CE71C}
		{3C2679A7-7AED-43AD-9D7C-E51654A7D7B0} = {B23ACFC7-D84F-4B8A-85C2-10273AF694C9}
		{311DBA07-7ABD-41F9-9649-E53C8FADF387} = {3C2679A7-7AED-43AD-9D7C-E51654A7D7B0}
		{558A97B2-D469-4C43-AA7B-1ACB4B13631C} = {311DBA07-7ABD-41F9-9649-E53C8FADF387}
		{F2CAA947-613C-484F-9270-20C473A81147} = {B23ACFC7-D84F-4B8A-85C2-10273AF694C9}
		{DA6AA742-F779-44D0-8FE7-425CA4058C66} = {F2CAA947-613C-484F-9270-20C473A81147}
		{8BA86D6E-E859-4BD4-87DE-8974C5323F8D} = {DA6AA742-F779-44D0-8FE7-425CA4058C66}
		{47DA0471-650B-4B91-8F62-21825F111191} = {B23ACFC7-D84F-4B8A-85C2-10273AF694C9}
		{4EB62AC4-B3C9-4566-8CF9-711877957BB1} = {47DA0471-650B-4B91-8F62-21825F111191}
		{3BBED42A-7E60-4045-A156-E1211F87A29F} = {4EB62AC4-B3C9-4566-8CF9-711877957BB1}
		{372F12CB-1846-4C60-8185-3B1660B7728C} = {B23ACFC7-D84F-4B8A-85C2-10273AF694C9}
		{F556A514-06CB-4296-BABB-E7015065CD62} = {372F12CB-1846-4C60-8185-3B1660B7728C}
		{EDA66923-2F75-4C56-A1A7-69DA96A249C9} = {F556A514-06CB-4296-BABB-E7015065CD62}
	EndGlobalSection
	GlobalSection(ExtensibilityGlobals) = postSolution
		SolutionGuid = {8B47E498-84F6-49AF-9896-8C22F83B6268}
	EndGlobalSection
EndGlobal
