
Microsoft Visual Studio Solution File, Format Version 12.00
# Visual Studio Version 17
VisualStudioVersion = 17.5.002.0
MinimumVisualStudioVersion = 10.0.40219.1
Project("{2150E333-8FDC-42A3-9474-1A3956D46DE8}") = "Labfiles", "Labfiles", "{CB8DA0EF-EA52-4092-94AC-7A3A25F10943}"
EndProject
Project("{2150E333-8FDC-42A3-9474-1A3956D46DE8}") = "01-analyze-text", "01-analyze-text", "{5167E2B4-CA07-458D-80D3-CE858EAC530B}"
EndProject
Project("{2150E333-8FDC-42A3-9474-1A3956D46DE8}") = "C-Sharp", "C-Sharp", "{556FED71-69A3-44CD-B940-923B7C12BA69}"
EndProject
Project("{9A19103F-16F7-4668-BE54-9A1E7A4F7556}") = "text-analysis", "Labfiles\01-analyze-text\C-Sharp\text-analysis\text-analysis.csproj", "{F4422521-F78E-4A91-A186-68D13A238F9B}"
EndProject
Project("{2150E333-8FDC-42A3-9474-1A3956D46DE8}") = "02-qna", "02-qna", "{FA645180-BA39-4F9A-B4D3-44BBD44ED22F}"
EndProject
Project("{2150E333-8FDC-42A3-9474-1A3956D46DE8}") = "C-Sharp", "C-Sharp", "{31841CF4-F338-4F16-B20D-69C6FEA5C5BF}"
EndProject
Project("{9A19103F-16F7-4668-BE54-9A1E7A4F7556}") = "qna-app", "Labfiles\02-qna\C-Sharp\qna-app\qna-app.csproj", "{10F7A9D8-9BB7-4FAE-B7E1-CDAC2C053E2B}"
EndProject
Project("{2150E333-8FDC-42A3-9474-1A3956D46DE8}") = "03-language", "03-language", "{861B8FB5-8599-419A-A5AD-2C4CEC2E12B3}"
EndProject
Project("{2150E333-8FDC-42A3-9474-1A3956D46DE8}") = "C-Sharp", "C-Sharp", "{48F0BBA5-16B3-4F9B-B550-972B38910E13}"
EndProject
Project("{9A19103F-16F7-4668-BE54-9A1E7A4F7556}") = "clock_client", "Labfiles\03-language\C-Sharp\clock-client\clock_client.csproj", "{80D61C37-118F-40FF-8FEB-900C75842E55}"
EndProject
Project("{2150E333-8FDC-42A3-9474-1A3956D46DE8}") = "04-text-classification", "04-text-classification", "{0CD08592-D75E-4F1F-8DB3-B12D11897CEF}"
EndProject
Project("{2150E333-8FDC-42A3-9474-1A3956D46DE8}") = "C-Sharp", "C-Sharp", "{E84EE151-1C57-4121-808A-482FA62F2EED}"
EndProject
Project("{9A19103F-16F7-4668-BE54-9A1E7A4F7556}") = "classify-text", "Labfiles\04-text-classification\C-Sharp\classify-text\classify-text.csproj", "{37D707B8-248B-4DE6-973E-47191D668548}"
EndProject
Project("{2150E333-8FDC-42A3-9474-1A3956D46DE8}") = "05-custom-entity-recognition", "05-custom-entity-recognition", "{79E05BA0-9C6A-4FF1-94D2-6DAB610DE86D}"
EndProject
Project("{2150E333-8FDC-42A3-9474-1A3956D46DE8}") = "C-Sharp", "C-Sharp", "{BEFB42B3-A06F-45DD-B3BD-4372C238653E}"
EndProject
Project("{9A19103F-16F7-4668-BE54-9A1E7A4F7556}") = "custom-entities", "Labfiles\05-custom-entity-recognition\C-Sharp\custom-entities\custom-entities.csproj", "{7DED5847-0311-4288-BD97-D34A4428A355}"
EndProject
Project("{2150E333-8FDC-42A3-9474-1A3956D46DE8}") = "06-translate-text", "06-translate-text", "{4CC1AFF0-330B-4E84-9BED-E15225B25666}"
EndProject
Project("{2150E333-8FDC-42A3-9474-1A3956D46DE8}") = "C-Sharp", "C-Sharp", "{CA14B1FE-D432-434C-B40B-98AE2C90D2D8}"
EndProject
Project("{9A19103F-16F7-4668-BE54-9A1E7A4F7556}") = "translate_text", "Labfiles\06-translate-text\C-Sharp\text-translation\translate_text.csproj", "{08D8AB2B-803A-4FDA-BD9D-D848E18873BC}"
EndProject
Project("{2150E333-8FDC-42A3-9474-1A3956D46DE8}") = "06b-translator-sdk", "06b-translator-sdk", "{F69576C9-B0CF-43EC-A978-B024EFC64165}"
EndProject
Project("{2150E333-8FDC-42A3-9474-1A3956D46DE8}") = "C-Sharp", "C-Sharp", "{1705A1B3-48DA-4A73-9FF3-53CE0F997CF4}"
EndProject
Project("{9A19103F-16F7-4668-BE54-9A1E7A4F7556}") = "translate_text", "Labfiles\06b-translator-sdk\C-Sharp\translate-text\translate_text.csproj", "{2971E413-9057-44A6-999F-45EC94D2718A}"
EndProject
Project("{2150E333-8FDC-42A3-9474-1A3956D46DE8}") = "07-speech", "07-speech", "{9521C356-E341-4DC1-A1A4-9241E1CEF0C6}"
EndProject
Project("{2150E333-8FDC-42A3-9474-1A3956D46DE8}") = "C-Sharp", "C-Sharp", "{FEF9628A-9487-4A47-ABE2-A03D5A9537D0}"
EndProject
Project("{9A19103F-16F7-4668-BE54-9A1E7A4F7556}") = "speaking-clock", "Labfiles\07-speech\C-Sharp\speaking-clock\speaking-clock.csproj", "{E71D010F-CFC3-4281-823F-D3790AD4E45F}"
EndProject
Project("{2150E333-8FDC-42A3-9474-1A3956D46DE8}") = "08-speech-translation", "08-speech-translation", "{1E92CC98-FBF1-48FB-9B59-CF21EB578CFF}"
EndProject
Project("{2150E333-8FDC-42A3-9474-1A3956D46DE8}") = "C-Sharp", "C-Sharp", "{51718B40-1CB6-4C3E-AB4D-93C6C58DE54C}"
EndProject
Project("{9A19103F-16F7-4668-BE54-9A1E7A4F7556}") = "translator", "Labfiles\08-speech-translation\C-Sharp\translator\translator.csproj", "{DB129FBB-BA19-4506-82AE-C12653B38A5C}"
EndProject
Global
	GlobalSection(SolutionConfigurationPlatforms) = preSolution
		Debug|Any CPU = Debug|Any CPU
		Release|Any CPU = Release|Any CPU
	EndGlobalSection
	GlobalSection(ProjectConfigurationPlatforms) = postSolution
		{F4422521-F78E-4A91-A186-68D13A238F9B}.Debug|Any CPU.ActiveCfg = Debug|Any CPU
		{F4422521-F78E-4A91-A186-68D13A238F9B}.Debug|Any CPU.Build.0 = Debug|Any CPU
		{F4422521-F78E-4A91-A186-68D13A238F9B}.Release|Any CPU.ActiveCfg = Release|Any CPU
		{F4422521-F78E-4A91-A186-68D13A238F9B}.Release|Any CPU.Build.0 = Release|Any CPU
		{10F7A9D8-9BB7-4FAE-B7E1-CDAC2C053E2B}.Debug|Any CPU.ActiveCfg = Debug|Any CPU
		{10F7A9D8-9BB7-4FAE-B7E1-CDAC2C053E2B}.Debug|Any CPU.Build.0 = Debug|Any CPU
		{10F7A9D8-9BB7-4FAE-B7E1-CDAC2C053E2B}.Release|Any CPU.ActiveCfg = Release|Any CPU
		{10F7A9D8-9BB7-4FAE-B7E1-CDAC2C053E2B}.Release|Any CPU.Build.0 = Release|Any CPU
		{80D61C37-118F-40FF-8FEB-900C75842E55}.Debug|Any CPU.ActiveCfg = Debug|Any CPU
		{80D61C37-118F-40FF-8FEB-900C75842E55}.Debug|Any CPU.Build.0 = Debug|Any CPU
		{80D61C37-118F-40FF-8FEB-900C75842E55}.Release|Any CPU.ActiveCfg = Release|Any CPU
		{80D61C37-118F-40FF-8FEB-900C75842E55}.Release|Any CPU.Build.0 = Release|Any CPU
		{37D707B8-248B-4DE6-973E-47191D668548}.Debug|Any CPU.ActiveCfg = Debug|Any CPU
		{37D707B8-248B-4DE6-973E-47191D668548}.Debug|Any CPU.Build.0 = Debug|Any CPU
		{37D707B8-248B-4DE6-973E-47191D668548}.Release|Any CPU.ActiveCfg = Release|Any CPU
		{37D707B8-248B-4DE6-973E-47191D668548}.Release|Any CPU.Build.0 = Release|Any CPU
		{7DED5847-0311-4288-BD97-D34A4428A355}.Debug|Any CPU.ActiveCfg = Debug|Any CPU
		{7DED5847-0311-4288-BD97-D34A4428A355}.Debug|Any CPU.Build.0 = Debug|Any CPU
		{7DED5847-0311-4288-BD97-D34A4428A355}.Release|Any CPU.ActiveCfg = Release|Any CPU
		{7DED5847-0311-4288-BD97-D34A4428A355}.Release|Any CPU.Build.0 = Release|Any CPU
		{08D8AB2B-803A-4FDA-BD9D-D848E18873BC}.Debug|Any CPU.ActiveCfg = Debug|Any CPU
		{08D8AB2B-803A-4FDA-BD9D-D848E18873BC}.Debug|Any CPU.Build.0 = Debug|Any CPU
		{08D8AB2B-803A-4FDA-BD9D-D848E18873BC}.Release|Any CPU.ActiveCfg = Release|Any CPU
		{08D8AB2B-803A-4FDA-BD9D-D848E18873BC}.Release|Any CPU.Build.0 = Release|Any CPU
		{2971E413-9057-44A6-999F-45EC94D2718A}.Debug|Any CPU.ActiveCfg = Debug|Any CPU
		{2971E413-9057-44A6-999F-45EC94D2718A}.Debug|Any CPU.Build.0 = Debug|Any CPU
		{2971E413-9057-44A6-999F-45EC94D2718A}.Release|Any CPU.ActiveCfg = Release|Any CPU
		{2971E413-9057-44A6-999F-45EC94D2718A}.Release|Any CPU.Build.0 = Release|Any CPU
		{E71D010F-CFC3-4281-823F-D3790AD4E45F}.Debug|Any CPU.ActiveCfg = Debug|Any CPU
		{E71D010F-CFC3-4281-823F-D3790AD4E45F}.Debug|Any CPU.Build.0 = Debug|Any CPU
		{E71D010F-CFC3-4281-823F-D3790AD4E45F}.Release|Any CPU.ActiveCfg = Release|Any CPU
		{E71D010F-CFC3-4281-823F-D3790AD4E45F}.Release|Any CPU.Build.0 = Release|Any CPU
		{DB129FBB-BA19-4506-82AE-C12653B38A5C}.Debug|Any CPU.ActiveCfg = Debug|Any CPU
		{DB129FBB-BA19-4506-82AE-C12653B38A5C}.Debug|Any CPU.Build.0 = Debug|Any CPU
		{DB129FBB-BA19-4506-82AE-C12653B38A5C}.Release|Any CPU.ActiveCfg = Release|Any CPU
		{DB129FBB-BA19-4506-82AE-C12653B38A5C}.Release|Any CPU.Build.0 = Release|Any CPU
	EndGlobalSection
	GlobalSection(SolutionProperties) = preSolution
		HideSolutionNode = FALSE
	EndGlobalSection
	GlobalSection(NestedProjects) = preSolution
		{5167E2B4-CA07-458D-80D3-CE858EAC530B} = {CB8DA0EF-EA52-4092-94AC-7A3A25F10943}
		{556FED71-69A3-44CD-B940-923B7C12BA69} = {5167E2B4-CA07-458D-80D3-CE858EAC530B}
		{F4422521-F78E-4A91-A186-68D13A238F9B} = {556FED71-69A3-44CD-B940-923B7C12BA69}
		{FA645180-BA39-4F9A-B4D3-44BBD44ED22F} = {CB8DA0EF-EA52-4092-94AC-7A3A25F10943}
		{31841CF4-F338-4F16-B20D-69C6FEA5C5BF} = {FA645180-BA39-4F9A-B4D3-44BBD44ED22F}
		{10F7A9D8-9BB7-4FAE-B7E1-CDAC2C053E2B} = {31841CF4-F338-4F16-B20D-69C6FEA5C5BF}
		{861B8FB5-8599-419A-A5AD-2C4CEC2E12B3} = {CB8DA0EF-EA52-4092-94AC-7A3A25F10943}
		{48F0BBA5-16B3-4F9B-B550-972B38910E13} = {861B8FB5-8599-419A-A5AD-2C4CEC2E12B3}
		{80D61C37-118F-40FF-8FEB-900C75842E55} = {48F0BBA5-16B3-4F9B-B550-972B38910E13}
		{0CD08592-D75E-4F1F-8DB3-B12D11897CEF} = {CB8DA0EF-EA52-4092-94AC-7A3A25F10943}
		{E84EE151-1C57-4121-808A-482FA62F2EED} = {0CD08592-D75E-4F1F-8DB3-B12D11897CEF}
		{37D707B8-248B-4DE6-973E-47191D668548} = {E84EE151-1C57-4121-808A-482FA62F2EED}
		{79E05BA0-9C6A-4FF1-94D2-6DAB610DE86D} = {CB8DA0EF-EA52-4092-94AC-7A3A25F10943}
		{BEFB42B3-A06F-45DD-B3BD-4372C238653E} = {79E05BA0-9C6A-4FF1-94D2-6DAB610DE86D}
		{7DED5847-0311-4288-BD97-D34A4428A355} = {BEFB42B3-A06F-45DD-B3BD-4372C238653E}
		{4CC1AFF0-330B-4E84-9BED-E15225B25666} = {CB8DA0EF-EA52-4092-94AC-7A3A25F10943}
		{CA14B1FE-D432-434C-B40B-98AE2C90D2D8} = {4CC1AFF0-330B-4E84-9BED-E15225B25666}
		{08D8AB2B-803A-4FDA-BD9D-D848E18873BC} = {CA14B1FE-D432-434C-B40B-98AE2C90D2D8}
		{F69576C9-B0CF-43EC-A978-B024EFC64165} = {CB8DA0EF-EA52-4092-94AC-7A3A25F10943}
		{1705A1B3-48DA-4A73-9FF3-53CE0F997CF4} = {F69576C9-B0CF-43EC-A978-B024EFC64165}
		{2971E413-9057-44A6-999F-45EC94D2718A} = {1705A1B3-48DA-4A73-9FF3-53CE0F997CF4}
		{9521C356-E341-4DC1-A1A4-9241E1CEF0C6} = {CB8DA0EF-EA52-4092-94AC-7A3A25F10943}
		{FEF9628A-9487-4A47-ABE2-A03D5A9537D0} = {9521C356-E341-4DC1-A1A4-9241E1CEF0C6}
		{E71D010F-CFC3-4281-823F-D3790AD4E45F} = {FEF9628A-9487-4A47-ABE2-A03D5A9537D0}
		{1E92CC98-FBF1-48FB-9B59-CF21EB578CFF} = {CB8DA0EF-EA52-4092-94AC-7A3A25F10943}
		{51718B40-1CB6-4C3E-AB4D-93C6C58DE54C} = {1E92CC98-FBF1-48FB-9B59-CF21EB578CFF}
		{DB129FBB-BA19-4506-82AE-C12653B38A5C} = {51718B40-1CB6-4C3E-AB4D-93C6C58DE54C}
	EndGlobalSection
	GlobalSection(ExtensibilityGlobals) = postSolution
		SolutionGuid = {B8F20711-EBD4-4A64-8AA4-75ADC63FAD56}
	EndGlobalSection
EndGlobal
